
Microsoft Visual Studio Solution File, Format Version 12.00
# Visual Studio Version 16
VisualStudioVersion = 16.0.33927.289
MinimumVisualStudioVersion = 10.0.40219.1
Project("{2150E333-8FDC-42A3-9474-1A3956D46DE8}") = "Task0", "Task0", "{44526CE0-6050-42DA-82FD-ACC226C73BCB}"
EndProject
Project("{FAE04EC0-301F-11D3-BF4B-00C04F79EFBC}") = "Tyuiu.VdovichenkoAI.Sprint1.Task0.V27", "Tyuiu.VdovichenkoAI.Sprint1.Task0.V27\Tyuiu.VdovichenkoAI.Sprint1.Task0.V27.csproj", "{88946A0A-1377-4419-ABA3-8583E2E7AB80}"
EndProject
Project("{FAE04EC0-301F-11D3-BF4B-00C04F79EFBC}") = "Tyuiu.VdovichenkoAI.Sprint1.Task0.V27.Lib", "Tyuiu.VdovichenkoAI.Sprint1.Task0.V27.Lib\Tyuiu.VdovichenkoAI.Sprint1.Task0.V27.Lib.csproj", "{D1AC3FB2-41B4-4A52-87D6-1AFEA8FBB47C}"
EndProject
Project("{FAE04EC0-301F-11D3-BF4B-00C04F79EFBC}") = "Tyuiu.VdovichenkoAI.Sprint1.Task0.V27.Test", "Tyuiu.VdovichenkoAI.Sprint1.Task0.V27.Test\Tyuiu.VdovichenkoAI.Sprint1.Task0.V27.Test.csproj", "{90995C59-119C-48B0-BA2E-1A770B9C2E1D}"
EndProject
Project("{2150E333-8FDC-42A3-9474-1A3956D46DE8}") = "Task1", "Task1", "{186561DE-EE22-4859-9278-3752910F7BF8}"
EndProject
Project("{FAE04EC0-301F-11D3-BF4B-00C04F79EFBC}") = "Tyuiu.VdovichenkoAI.Sprint1.Task1.V1", "Tyuiu.VdovichenkoAI.Sprint1.Task1.V1\Tyuiu.VdovichenkoAI.Sprint1.Task1.V1.csproj", "{502A36CA-F9F0-46CE-BD99-EA02E42B38CF}"
EndProject
Project("{FAE04EC0-301F-11D3-BF4B-00C04F79EFBC}") = "Tyuiu.VdovichenkoAI.Sprint1.Task1.V1.Lib", "Tyuiu.VdovichenkoAI.Sprint1.Task1.V1.Lib\Tyuiu.VdovichenkoAI.Sprint1.Task1.V1.Lib.csproj", "{426ED942-CCFE-4789-AE76-8361FCDCAB2F}"
EndProject
Project("{FAE04EC0-301F-11D3-BF4B-00C04F79EFBC}") = "Tyuiu.VdovichenkoAI.Sprint1.Task1.V1.Test", "Tyuiu.VdovichenkoAI.Sprint1.Task1.V1.Test\Tyuiu.VdovichenkoAI.Sprint1.Task1.V1.Test.csproj", "{CED51D92-A65F-48D8-B404-58B325FEF283}"
EndProject
Project("{2150E333-8FDC-42A3-9474-1A3956D46DE8}") = "Task2", "Task2", "{3B5A8F9A-72BC-42E6-AB95-A517791F06C6}"
EndProject
Project("{FAE04EC0-301F-11D3-BF4B-00C04F79EFBC}") = "Tyuiu.VdovichenkoAI.Sprint1.Task2.V9", "Tyuiu.VdovichenkoAI.Sprint1.Task2.V9\Tyuiu.VdovichenkoAI.Sprint1.Task2.V9.csproj", "{616BC9D0-A692-46F5-A1D6-7E6E0197B155}"
EndProject
Project("{FAE04EC0-301F-11D3-BF4B-00C04F79EFBC}") = "Tyuiu.VdovichenkoAI.Sprint1.Task2.V9.Lib", "Tyuiu.VdovichenkoAI.Sprint1.Task2.V9.Lib\Tyuiu.VdovichenkoAI.Sprint1.Task2.V9.Lib.csproj", "{2F709662-192F-4E73-B0C3-208DC25A0E58}"
EndProject
Project("{FAE04EC0-301F-11D3-BF4B-00C04F79EFBC}") = "Tyuiu.VdovichenkoAI.Sprint1.Task2.V9.Test", "Tyuiu.VdovichenkoAI.Sprint1.Task2.V9.Test\Tyuiu.VdovichenkoAI.Sprint1.Task2.V9.Test.csproj", "{C1DA5119-5082-4219-9619-957276614C54}"
EndProject
Project("{2150E333-8FDC-42A3-9474-1A3956D46DE8}") = "Task3", "Task3", "{D31FB117-467C-48ED-BB5D-BE442B2A3C74}"
EndProject
Project("{FAE04EC0-301F-11D3-BF4B-00C04F79EFBC}") = "Tyuiu.VdovichenkoAI.Sprint1.Task3.V15", "Tyuiu.VdovichenkoAI.Sprint1.Task3.V15\Tyuiu.VdovichenkoAI.Sprint1.Task3.V15.csproj", "{AC32B5A4-3FB6-48DF-BECC-BB584777134F}"
EndProject
Project("{FAE04EC0-301F-11D3-BF4B-00C04F79EFBC}") = "Tyuiu.VdovichenkoAI.Sprint1.Task3.V15.Lib", "Tyuiu.VdovichenkoAI.Sprint1.Task3.V15.Lib\Tyuiu.VdovichenkoAI.Sprint1.Task3.V15.Lib.csproj", "{F7BA4749-8BE7-4C5D-A9FE-6794FFCBF177}"
EndProject
Project("{FAE04EC0-301F-11D3-BF4B-00C04F79EFBC}") = "Tyuiu.VdovichenkoAI.Sprint1.Task3.V15.Test", "Tyuiu.VdovichenkoAI.Sprint1.Task3.V15.Test\Tyuiu.VdovichenkoAI.Sprint1.Task3.V15.Test.csproj", "{F139A341-CE54-4E54-9668-8EC9B642872E}"
EndProject
Project("{2150E333-8FDC-42A3-9474-1A3956D46DE8}") = "Task4", "Task4", "{804BDB67-EA40-4D0C-A80D-7894481E7ECA}"
EndProject
Project("{FAE04EC0-301F-11D3-BF4B-00C04F79EFBC}") = "Tyuiu.VdovichenkoAI.Sprint1.Task4.V8", "Tyuiu.VdovichenkoAI.Sprint1.Task4.V8\Tyuiu.VdovichenkoAI.Sprint1.Task4.V8.csproj", "{8B4B99F2-1F2E-47C1-A996-99FB5DE71E07}"
EndProject
Project("{FAE04EC0-301F-11D3-BF4B-00C04F79EFBC}") = "Tyuiu.VdovichenkoAI.Sprint1.Task4.V8.Lib", "Tyuiu.VdovichenkoAI.Sprint1.Task4.V8.Lib\Tyuiu.VdovichenkoAI.Sprint1.Task4.V8.Lib.csproj", "{837DADC1-2206-478D-A9FE-F81C0A33443F}"
EndProject
Project("{FAE04EC0-301F-11D3-BF4B-00C04F79EFBC}") = "Tyuiu.VdovichenkoAI.Sprint1.Task4.V8.Test", "Tyuiu.VdovichenkoAI.Sprint1.Task4.V8.Test\Tyuiu.VdovichenkoAI.Sprint1.Task4.V8.Test.csproj", "{E9945DA0-FE9F-4052-9210-59646ED192CA}"
EndProject
Project("{2150E333-8FDC-42A3-9474-1A3956D46DE8}") = "Task5", "Task5", "{09514C9B-BBF2-46A8-ABFC-285D3F7D6885}"
EndProject
Project("{FAE04EC0-301F-11D3-BF4B-00C04F79EFBC}") = "Tyuiu.VdovichenkoAI.Sprint1.Task5.V7", "Tyuiu.VdovichenkoAI.Sprint1.Task5.V7\Tyuiu.VdovichenkoAI.Sprint1.Task5.V7.csproj", "{F0FD9AB0-7610-4FEA-857E-5D2A65A1471B}"
EndProject
Project("{FAE04EC0-301F-11D3-BF4B-00C04F79EFBC}") = "Tyuiu.VdovichenkoAI.Sprint1.Task5.V7.Lib", "Tyuiu.VdovichenkoAI.Sprint1.Task5.V7.Lib\Tyuiu.VdovichenkoAI.Sprint1.Task5.V7.Lib.csproj", "{162E24CC-727F-48C5-9235-E8DE7BC53F91}"
EndProject
Project("{FAE04EC0-301F-11D3-BF4B-00C04F79EFBC}") = "Tyuiu.VdovichenkoAI.Sprint1.Task5.V7.Test", "Tyuiu.VdovichenkoAI.Sprint1.Task5.V7.Test\Tyuiu.VdovichenkoAI.Sprint1.Task5.V7.Test.csproj", "{D089C8E4-0F73-418E-981C-EE1A76EDAC50}"
EndProject
Global
	GlobalSection(SolutionConfigurationPlatforms) = preSolution
		Debug|Any CPU = Debug|Any CPU
		Release|Any CPU = Release|Any CPU
	EndGlobalSection
	GlobalSection(ProjectConfigurationPlatforms) = postSolution
		{88946A0A-1377-4419-ABA3-8583E2E7AB80}.Debug|Any CPU.ActiveCfg = Debug|Any CPU
		{88946A0A-1377-4419-ABA3-8583E2E7AB80}.Debug|Any CPU.Build.0 = Debug|Any CPU
		{88946A0A-1377-4419-ABA3-8583E2E7AB80}.Release|Any CPU.ActiveCfg = Release|Any CPU
		{88946A0A-1377-4419-ABA3-8583E2E7AB80}.Release|Any CPU.Build.0 = Release|Any CPU
		{D1AC3FB2-41B4-4A52-87D6-1AFEA8FBB47C}.Debug|Any CPU.ActiveCfg = Debug|Any CPU
		{D1AC3FB2-41B4-4A52-87D6-1AFEA8FBB47C}.Debug|Any CPU.Build.0 = Debug|Any CPU
		{D1AC3FB2-41B4-4A52-87D6-1AFEA8FBB47C}.Release|Any CPU.ActiveCfg = Release|Any CPU
		{D1AC3FB2-41B4-4A52-87D6-1AFEA8FBB47C}.Release|Any CPU.Build.0 = Release|Any CPU
		{90995C59-119C-48B0-BA2E-1A770B9C2E1D}.Debug|Any CPU.ActiveCfg = Debug|Any CPU
		{90995C59-119C-48B0-BA2E-1A770B9C2E1D}.Debug|Any CPU.Build.0 = Debug|Any CPU
		{90995C59-119C-48B0-BA2E-1A770B9C2E1D}.Release|Any CPU.ActiveCfg = Release|Any CPU
		{90995C59-119C-48B0-BA2E-1A770B9C2E1D}.Release|Any CPU.Build.0 = Release|Any CPU
		{502A36CA-F9F0-46CE-BD99-EA02E42B38CF}.Debug|Any CPU.ActiveCfg = Debug|Any CPU
		{502A36CA-F9F0-46CE-BD99-EA02E42B38CF}.Debug|Any CPU.Build.0 = Debug|Any CPU
		{502A36CA-F9F0-46CE-BD99-EA02E42B38CF}.Release|Any CPU.ActiveCfg = Release|Any CPU
		{502A36CA-F9F0-46CE-BD99-EA02E42B38CF}.Release|Any CPU.Build.0 = Release|Any CPU
		{426ED942-CCFE-4789-AE76-8361FCDCAB2F}.Debug|Any CPU.ActiveCfg = Debug|Any CPU
		{426ED942-CCFE-4789-AE76-8361FCDCAB2F}.Debug|Any CPU.Build.0 = Debug|Any CPU
		{426ED942-CCFE-4789-AE76-8361FCDCAB2F}.Release|Any CPU.ActiveCfg = Release|Any CPU
		{426ED942-CCFE-4789-AE76-8361FCDCAB2F}.Release|Any CPU.Build.0 = Release|Any CPU
		{CED51D92-A65F-48D8-B404-58B325FEF283}.Debug|Any CPU.ActiveCfg = Debug|Any CPU
		{CED51D92-A65F-48D8-B404-58B325FEF283}.Debug|Any CPU.Build.0 = Debug|Any CPU
		{CED51D92-A65F-48D8-B404-58B325FEF283}.Release|Any CPU.ActiveCfg = Release|Any CPU
		{CED51D92-A65F-48D8-B404-58B325FEF283}.Release|Any CPU.Build.0 = Release|Any CPU
		{616BC9D0-A692-46F5-A1D6-7E6E0197B155}.Debug|Any CPU.ActiveCfg = Debug|Any CPU
		{616BC9D0-A692-46F5-A1D6-7E6E0197B155}.Debug|Any CPU.Build.0 = Debug|Any CPU
		{616BC9D0-A692-46F5-A1D6-7E6E0197B155}.Release|Any CPU.ActiveCfg = Release|Any CPU
		{616BC9D0-A692-46F5-A1D6-7E6E0197B155}.Release|Any CPU.Build.0 = Release|Any CPU
		{2F709662-192F-4E73-B0C3-208DC25A0E58}.Debug|Any CPU.ActiveCfg = Debug|Any CPU
		{2F709662-192F-4E73-B0C3-208DC25A0E58}.Debug|Any CPU.Build.0 = Debug|Any CPU
		{2F709662-192F-4E73-B0C3-208DC25A0E58}.Release|Any CPU.ActiveCfg = Release|Any CPU
		{2F709662-192F-4E73-B0C3-208DC25A0E58}.Release|Any CPU.Build.0 = Release|Any CPU
		{C1DA5119-5082-4219-9619-957276614C54}.Debug|Any CPU.ActiveCfg = Debug|Any CPU
		{C1DA5119-5082-4219-9619-957276614C54}.Debug|Any CPU.Build.0 = Debug|Any CPU
		{C1DA5119-5082-4219-9619-957276614C54}.Release|Any CPU.ActiveCfg = Release|Any CPU
		{C1DA5119-5082-4219-9619-957276614C54}.Release|Any CPU.Build.0 = Release|Any CPU
		{AC32B5A4-3FB6-48DF-BECC-BB584777134F}.Debug|Any CPU.ActiveCfg = Debug|Any CPU
		{AC32B5A4-3FB6-48DF-BECC-BB584777134F}.Debug|Any CPU.Build.0 = Debug|Any CPU
		{AC32B5A4-3FB6-48DF-BECC-BB584777134F}.Release|Any CPU.ActiveCfg = Release|Any CPU
		{AC32B5A4-3FB6-48DF-BECC-BB584777134F}.Release|Any CPU.Build.0 = Release|Any CPU
		{F7BA4749-8BE7-4C5D-A9FE-6794FFCBF177}.Debug|Any CPU.ActiveCfg = Debug|Any CPU
		{F7BA4749-8BE7-4C5D-A9FE-6794FFCBF177}.Debug|Any CPU.Build.0 = Debug|Any CPU
		{F7BA4749-8BE7-4C5D-A9FE-6794FFCBF177}.Release|Any CPU.ActiveCfg = Release|Any CPU
		{F7BA4749-8BE7-4C5D-A9FE-6794FFCBF177}.Release|Any CPU.Build.0 = Release|Any CPU
		{F139A341-CE54-4E54-9668-8EC9B642872E}.Debug|Any CPU.ActiveCfg = Debug|Any CPU
		{F139A341-CE54-4E54-9668-8EC9B642872E}.Debug|Any CPU.Build.0 = Debug|Any CPU
		{F139A341-CE54-4E54-9668-8EC9B642872E}.Release|Any CPU.ActiveCfg = Release|Any CPU
		{F139A341-CE54-4E54-9668-8EC9B642872E}.Release|Any CPU.Build.0 = Release|Any CPU
		{8B4B99F2-1F2E-47C1-A996-99FB5DE71E07}.Debug|Any CPU.ActiveCfg = Debug|Any CPU
		{8B4B99F2-1F2E-47C1-A996-99FB5DE71E07}.Debug|Any CPU.Build.0 = Debug|Any CPU
		{8B4B99F2-1F2E-47C1-A996-99FB5DE71E07}.Release|Any CPU.ActiveCfg = Release|Any CPU
		{8B4B99F2-1F2E-47C1-A996-99FB5DE71E07}.Release|Any CPU.Build.0 = Release|Any CPU
		{837DADC1-2206-478D-A9FE-F81C0A33443F}.Debug|Any CPU.ActiveCfg = Debug|Any CPU
		{837DADC1-2206-478D-A9FE-F81C0A33443F}.Debug|Any CPU.Build.0 = Debug|Any CPU
		{837DADC1-2206-478D-A9FE-F81C0A33443F}.Release|Any CPU.ActiveCfg = Release|Any CPU
		{837DADC1-2206-478D-A9FE-F81C0A33443F}.Release|Any CPU.Build.0 = Release|Any CPU
		{E9945DA0-FE9F-4052-9210-59646ED192CA}.Debug|Any CPU.ActiveCfg = Debug|Any CPU
		{E9945DA0-FE9F-4052-9210-59646ED192CA}.Debug|Any CPU.Build.0 = Debug|Any CPU
		{E9945DA0-FE9F-4052-9210-59646ED192CA}.Release|Any CPU.ActiveCfg = Release|Any CPU
		{E9945DA0-FE9F-4052-9210-59646ED192CA}.Release|Any CPU.Build.0 = Release|Any CPU
		{F0FD9AB0-7610-4FEA-857E-5D2A65A1471B}.Debug|Any CPU.ActiveCfg = Debug|Any CPU
		{F0FD9AB0-7610-4FEA-857E-5D2A65A1471B}.Debug|Any CPU.Build.0 = Debug|Any CPU
		{F0FD9AB0-7610-4FEA-857E-5D2A65A1471B}.Release|Any CPU.ActiveCfg = Release|Any CPU
		{F0FD9AB0-7610-4FEA-857E-5D2A65A1471B}.Release|Any CPU.Build.0 = Release|Any CPU
		{162E24CC-727F-48C5-9235-E8DE7BC53F91}.Debug|Any CPU.ActiveCfg = Debug|Any CPU
		{162E24CC-727F-48C5-9235-E8DE7BC53F91}.Debug|Any CPU.Build.0 = Debug|Any CPU
		{162E24CC-727F-48C5-9235-E8DE7BC53F91}.Release|Any CPU.ActiveCfg = Release|Any CPU
		{162E24CC-727F-48C5-9235-E8DE7BC53F91}.Release|Any CPU.Build.0 = Release|Any CPU
		{D089C8E4-0F73-418E-981C-EE1A76EDAC50}.Debug|Any CPU.ActiveCfg = Debug|Any CPU
		{D089C8E4-0F73-418E-981C-EE1A76EDAC50}.Debug|Any CPU.Build.0 = Debug|Any CPU
		{D089C8E4-0F73-418E-981C-EE1A76EDAC50}.Release|Any CPU.ActiveCfg = Release|Any CPU
		{D089C8E4-0F73-418E-981C-EE1A76EDAC50}.Release|Any CPU.Build.0 = Release|Any CPU
	EndGlobalSection
	GlobalSection(SolutionProperties) = preSolution
		HideSolutionNode = FALSE
	EndGlobalSection
	GlobalSection(NestedProjects) = preSolution
		{88946A0A-1377-4419-ABA3-8583E2E7AB80} = {44526CE0-6050-42DA-82FD-ACC226C73BCB}
		{D1AC3FB2-41B4-4A52-87D6-1AFEA8FBB47C} = {44526CE0-6050-42DA-82FD-ACC226C73BCB}
		{90995C59-119C-48B0-BA2E-1A770B9C2E1D} = {44526CE0-6050-42DA-82FD-ACC226C73BCB}
		{502A36CA-F9F0-46CE-BD99-EA02E42B38CF} = {186561DE-EE22-4859-9278-3752910F7BF8}
		{426ED942-CCFE-4789-AE76-8361FCDCAB2F} = {186561DE-EE22-4859-9278-3752910F7BF8}
		{CED51D92-A65F-48D8-B404-58B325FEF283} = {186561DE-EE22-4859-9278-3752910F7BF8}
		{616BC9D0-A692-46F5-A1D6-7E6E0197B155} = {3B5A8F9A-72BC-42E6-AB95-A517791F06C6}
		{2F709662-192F-4E73-B0C3-208DC25A0E58} = {3B5A8F9A-72BC-42E6-AB95-A517791F06C6}
		{C1DA5119-5082-4219-9619-957276614C54} = {3B5A8F9A-72BC-42E6-AB95-A517791F06C6}
		{AC32B5A4-3FB6-48DF-BECC-BB584777134F} = {D31FB117-467C-48ED-BB5D-BE442B2A3C74}
		{F7BA4749-8BE7-4C5D-A9FE-6794FFCBF177} = {D31FB117-467C-48ED-BB5D-BE442B2A3C74}
		{F139A341-CE54-4E54-9668-8EC9B642872E} = {D31FB117-467C-48ED-BB5D-BE442B2A3C74}
		{8B4B99F2-1F2E-47C1-A996-99FB5DE71E07} = {804BDB67-EA40-4D0C-A80D-7894481E7ECA}
		{837DADC1-2206-478D-A9FE-F81C0A33443F} = {804BDB67-EA40-4D0C-A80D-7894481E7ECA}
		{E9945DA0-FE9F-4052-9210-59646ED192CA} = {804BDB67-EA40-4D0C-A80D-7894481E7ECA}
		{F0FD9AB0-7610-4FEA-857E-5D2A65A1471B} = {09514C9B-BBF2-46A8-ABFC-285D3F7D6885}
		{162E24CC-727F-48C5-9235-E8DE7BC53F91} = {09514C9B-BBF2-46A8-ABFC-285D3F7D6885}
		{D089C8E4-0F73-418E-981C-EE1A76EDAC50} = {09514C9B-BBF2-46A8-ABFC-285D3F7D6885}
	EndGlobalSection
	GlobalSection(ExtensibilityGlobals) = postSolution
		SolutionGuid = {17DFDBFF-A2D4-441B-A455-338536E20240}
	EndGlobalSection
EndGlobal
